
Microsoft Visual Studio Solution File, Format Version 12.00
# Visual Studio Version 17
VisualStudioVersion = 17.9.34728.123
MinimumVisualStudioVersion = 10.0.40219.1
Project("{FAE04EC0-301F-11D3-BF4B-00C04F79EFBC}") = "CURD", "CURD.csproj", "{84486037-0EFA-4135-9F0D-492163C7767E}"
EndProject
Global
	GlobalSection(SolutionConfigurationPlatforms) = preSolution
		Debug|Any CPU = Debug|Any CPU
		Release|Any CPU = Release|Any CPU
	EndGlobalSection
	GlobalSection(ProjectConfigurationPlatforms) = postSolution
		{84486037-0EFA-4135-9F0D-492163C7767E}.Debug|Any CPU.ActiveCfg = Debug|Any CPU
		{84486037-0EFA-4135-9F0D-492163C7767E}.Debug|Any CPU.Build.0 = Debug|Any CPU
		{84486037-0EFA-4135-9F0D-492163C7767E}.Release|Any CPU.ActiveCfg = Release|Any CPU
		{84486037-0EFA-4135-9F0D-492163C7767E}.Release|Any CPU.Build.0 = Release|Any CPU
	EndGlobalSection
	GlobalSection(SolutionProperties) = preSolution
		HideSolutionNode = FALSE
	EndGlobalSection
	GlobalSection(ExtensibilityGlobals) = postSolution
		SolutionGuid = {56CDF66F-0412-4ABD-8767-DAB39DBC6BF1}
	EndGlobalSection
EndGlobal
